
Microsoft Visual Studio Solution File, Format Version 12.00
# Visual Studio 15
VisualStudioVersion = 15.0.28307.902
MinimumVisualStudioVersion = 10.0.40219.1
Project("{FAE04EC0-301F-11D3-BF4B-00C04F79EFBC}") = "task2.Android", "task2\task2.Android\task2.Android.csproj", "{25C929F3-063A-497E-9649-9142E9CAE932}"
EndProject
Project("{FAE04EC0-301F-11D3-BF4B-00C04F79EFBC}") = "task2.iOS", "task2\task2.iOS\task2.iOS.csproj", "{907001BE-A7B0-4FF4-9D5E-35C74128128C}"
EndProject
Project("{FAE04EC0-301F-11D3-BF4B-00C04F79EFBC}") = "task2", "task2\task2\task2.csproj", "{A4329049-1D75-4899-91BA-01B574B3BBBC}"
EndProject
Global
	GlobalSection(SolutionConfigurationPlatforms) = preSolution
		Ad-Hoc|Any CPU = Ad-Hoc|Any CPU
		Ad-Hoc|iPhone = Ad-Hoc|iPhone
		Ad-Hoc|iPhoneSimulator = Ad-Hoc|iPhoneSimulator
		AppStore|Any CPU = AppStore|Any CPU
		AppStore|iPhone = AppStore|iPhone
		AppStore|iPhoneSimulator = AppStore|iPhoneSimulator
		Debug|Any CPU = Debug|Any CPU
		Debug|iPhone = Debug|iPhone
		Debug|iPhoneSimulator = Debug|iPhoneSimulator
		Release|Any CPU = Release|Any CPU
		Release|iPhone = Release|iPhone
		Release|iPhoneSimulator = Release|iPhoneSimulator
	EndGlobalSection
	GlobalSection(ProjectConfigurationPlatforms) = postSolution
		{25C929F3-063A-497E-9649-9142E9CAE932}.Ad-Hoc|Any CPU.ActiveCfg = Release|Any CPU
		{25C929F3-063A-497E-9649-9142E9CAE932}.Ad-Hoc|Any CPU.Build.0 = Release|Any CPU
		{25C929F3-063A-497E-9649-9142E9CAE932}.Ad-Hoc|Any CPU.Deploy.0 = Release|Any CPU
		{25C929F3-063A-497E-9649-9142E9CAE932}.Ad-Hoc|iPhone.ActiveCfg = Release|Any CPU
		{25C929F3-063A-497E-9649-9142E9CAE932}.Ad-Hoc|iPhone.Build.0 = Release|Any CPU
		{25C929F3-063A-497E-9649-9142E9CAE932}.Ad-Hoc|iPhone.Deploy.0 = Release|Any CPU
		{25C929F3-063A-497E-9649-9142E9CAE932}.Ad-Hoc|iPhoneSimulator.ActiveCfg = Release|Any CPU
		{25C929F3-063A-497E-9649-9142E9CAE932}.Ad-Hoc|iPhoneSimulator.Build.0 = Release|Any CPU
		{25C929F3-063A-497E-9649-9142E9CAE932}.Ad-Hoc|iPhoneSimulator.Deploy.0 = Release|Any CPU
		{25C929F3-063A-497E-9649-9142E9CAE932}.AppStore|Any CPU.ActiveCfg = Release|Any CPU
		{25C929F3-063A-497E-9649-9142E9CAE932}.AppStore|Any CPU.Build.0 = Release|Any CPU
		{25C929F3-063A-497E-9649-9142E9CAE932}.AppStore|Any CPU.Deploy.0 = Release|Any CPU
		{25C929F3-063A-497E-9649-9142E9CAE932}.AppStore|iPhone.ActiveCfg = Release|Any CPU
		{25C929F3-063A-497E-9649-9142E9CAE932}.AppStore|iPhone.Build.0 = Release|Any CPU
		{25C929F3-063A-497E-9649-9142E9CAE932}.AppStore|iPhone.Deploy.0 = Release|Any CPU
		{25C929F3-063A-497E-9649-9142E9CAE932}.AppStore|iPhoneSimulator.ActiveCfg = Release|Any CPU
		{25C929F3-063A-497E-9649-9142E9CAE932}.AppStore|iPhoneSimulator.Build.0 = Release|Any CPU
		{25C929F3-063A-497E-9649-9142E9CAE932}.AppStore|iPhoneSimulator.Deploy.0 = Release|Any CPU
		{25C929F3-063A-497E-9649-9142E9CAE932}.Debug|Any CPU.ActiveCfg = Debug|Any CPU
		{25C929F3-063A-497E-9649-9142E9CAE932}.Debug|Any CPU.Build.0 = Debug|Any CPU
		{25C929F3-063A-497E-9649-9142E9CAE932}.Debug|Any CPU.Deploy.0 = Debug|Any CPU
		{25C929F3-063A-497E-9649-9142E9CAE932}.Debug|iPhone.ActiveCfg = Debug|Any CPU
		{25C929F3-063A-497E-9649-9142E9CAE932}.Debug|iPhone.Build.0 = Debug|Any CPU
		{25C929F3-063A-497E-9649-9142E9CAE932}.Debug|iPhone.Deploy.0 = Debug|Any CPU
		{25C929F3-063A-497E-9649-9142E9CAE932}.Debug|iPhoneSimulator.ActiveCfg = Debug|Any CPU
		{25C929F3-063A-497E-9649-9142E9CAE932}.Debug|iPhoneSimulator.Build.0 = Debug|Any CPU
		{25C929F3-063A-497E-9649-9142E9CAE932}.Debug|iPhoneSimulator.Deploy.0 = Debug|Any CPU
		{25C929F3-063A-497E-9649-9142E9CAE932}.Release|Any CPU.ActiveCfg = Release|Any CPU
		{25C929F3-063A-497E-9649-9142E9CAE932}.Release|Any CPU.Build.0 = Release|Any CPU
		{25C929F3-063A-497E-9649-9142E9CAE932}.Release|Any CPU.Deploy.0 = Release|Any CPU
		{25C929F3-063A-497E-9649-9142E9CAE932}.Release|iPhone.ActiveCfg = Release|Any CPU
		{25C929F3-063A-497E-9649-9142E9CAE932}.Release|iPhone.Build.0 = Release|Any CPU
		{25C929F3-063A-497E-9649-9142E9CAE932}.Release|iPhone.Deploy.0 = Release|Any CPU
		{25C929F3-063A-497E-9649-9142E9CAE932}.Release|iPhoneSimulator.ActiveCfg = Release|Any CPU
		{25C929F3-063A-497E-9649-9142E9CAE932}.Release|iPhoneSimulator.Build.0 = Release|Any CPU
		{25C929F3-063A-497E-9649-9142E9CAE932}.Release|iPhoneSimulator.Deploy.0 = Release|Any CPU
		{907001BE-A7B0-4FF4-9D5E-35C74128128C}.Ad-Hoc|Any CPU.ActiveCfg = Ad-Hoc|iPhone
		{907001BE-A7B0-4FF4-9D5E-35C74128128C}.Ad-Hoc|Any CPU.Build.0 = Ad-Hoc|iPhone
		{907001BE-A7B0-4FF4-9D5E-35C74128128C}.Ad-Hoc|Any CPU.Deploy.0 = Ad-Hoc|iPhone
		{907001BE-A7B0-4FF4-9D5E-35C74128128C}.Ad-Hoc|iPhone.ActiveCfg = Ad-Hoc|iPhone
		{907001BE-A7B0-4FF4-9D5E-35C74128128C}.Ad-Hoc|iPhone.Build.0 = Ad-Hoc|iPhone
		{907001BE-A7B0-4FF4-9D5E-35C74128128C}.Ad-Hoc|iPhone.Deploy.0 = Ad-Hoc|iPhone
		{907001BE-A7B0-4FF4-9D5E-35C74128128C}.Ad-Hoc|iPhoneSimulator.ActiveCfg = Ad-Hoc|iPhoneSimulator
		{907001BE-A7B0-4FF4-9D5E-35C74128128C}.Ad-Hoc|iPhoneSimulator.Build.0 = Ad-Hoc|iPhoneSimulator
		{907001BE-A7B0-4FF4-9D5E-35C74128128C}.Ad-Hoc|iPhoneSimulator.Deploy.0 = Ad-Hoc|iPhoneSimulator
		{907001BE-A7B0-4FF4-9D5E-35C74128128C}.AppStore|Any CPU.ActiveCfg = AppStore|iPhone
		{907001BE-A7B0-4FF4-9D5E-35C74128128C}.AppStore|Any CPU.Build.0 = AppStore|iPhone
		{907001BE-A7B0-4FF4-9D5E-35C74128128C}.AppStore|Any CPU.Deploy.0 = AppStore|iPhone
		{907001BE-A7B0-4FF4-9D5E-35C74128128C}.AppStore|iPhone.ActiveCfg = AppStore|iPhone
		{907001BE-A7B0-4FF4-9D5E-35C74128128C}.AppStore|iPhone.Build.0 = AppStore|iPhone
		{907001BE-A7B0-4FF4-9D5E-35C74128128C}.AppStore|iPhone.Deploy.0 = AppStore|iPhone
		{907001BE-A7B0-4FF4-9D5E-35C74128128C}.AppStore|iPhoneSimulator.ActiveCfg = AppStore|iPhoneSimulator
		{907001BE-A7B0-4FF4-9D5E-35C74128128C}.AppStore|iPhoneSimulator.Build.0 = AppStore|iPhoneSimulator
		{907001BE-A7B0-4FF4-9D5E-35C74128128C}.AppStore|iPhoneSimulator.Deploy.0 = AppStore|iPhoneSimulator
		{907001BE-A7B0-4FF4-9D5E-35C74128128C}.Debug|Any CPU.ActiveCfg = Debug|iPhoneSimulator
		{907001BE-A7B0-4FF4-9D5E-35C74128128C}.Debug|Any CPU.Build.0 = Debug|iPhoneSimulator
		{907001BE-A7B0-4FF4-9D5E-35C74128128C}.Debug|Any CPU.Deploy.0 = Debug|iPhoneSimulator
		{907001BE-A7B0-4FF4-9D5E-35C74128128C}.Debug|iPhone.ActiveCfg = Debug|iPhone
		{907001BE-A7B0-4FF4-9D5E-35C74128128C}.Debug|iPhone.Build.0 = Debug|iPhone
		{907001BE-A7B0-4FF4-9D5E-35C74128128C}.Debug|iPhone.Deploy.0 = Debug|iPhone
		{907001BE-A7B0-4FF4-9D5E-35C74128128C}.Debug|iPhoneSimulator.ActiveCfg = Debug|iPhoneSimulator
		{907001BE-A7B0-4FF4-9D5E-35C74128128C}.Debug|iPhoneSimulator.Build.0 = Debug|iPhoneSimulator
		{907001BE-A7B0-4FF4-9D5E-35C74128128C}.Debug|iPhoneSimulator.Deploy.0 = Debug|iPhoneSimulator
		{907001BE-A7B0-4FF4-9D5E-35C74128128C}.Release|Any CPU.ActiveCfg = Release|iPhone
		{907001BE-A7B0-4FF4-9D5E-35C74128128C}.Release|Any CPU.Build.0 = Release|iPhone
		{907001BE-A7B0-4FF4-9D5E-35C74128128C}.Release|Any CPU.Deploy.0 = Release|iPhone
		{907001BE-A7B0-4FF4-9D5E-35C74128128C}.Release|iPhone.ActiveCfg = Release|iPhone
		{907001BE-A7B0-4FF4-9D5E-35C74128128C}.Release|iPhone.Build.0 = Release|iPhone
		{907001BE-A7B0-4FF4-9D5E-35C74128128C}.Release|iPhone.Deploy.0 = Release|iPhone
		{907001BE-A7B0-4FF4-9D5E-35C74128128C}.Release|iPhoneSimulator.ActiveCfg = Release|iPhoneSimulator
		{907001BE-A7B0-4FF4-9D5E-35C74128128C}.Release|iPhoneSimulator.Build.0 = Release|iPhoneSimulator
		{907001BE-A7B0-4FF4-9D5E-35C74128128C}.Release|iPhoneSimulator.Deploy.0 = Release|iPhoneSimulator
		{A4329049-1D75-4899-91BA-01B574B3BBBC}.Ad-Hoc|Any CPU.ActiveCfg = Debug|Any CPU
		{A4329049-1D75-4899-91BA-01B574B3BBBC}.Ad-Hoc|Any CPU.Build.0 = Debug|Any CPU
		{A4329049-1D75-4899-91BA-01B574B3BBBC}.Ad-Hoc|Any CPU.Deploy.0 = Debug|Any CPU
		{A4329049-1D75-4899-91BA-01B574B3BBBC}.Ad-Hoc|iPhone.ActiveCfg = Debug|Any CPU
		{A4329049-1D75-4899-91BA-01B574B3BBBC}.Ad-Hoc|iPhone.Build.0 = Debug|Any CPU
		{A4329049-1D75-4899-91BA-01B574B3BBBC}.Ad-Hoc|iPhone.Deploy.0 = Debug|Any CPU
		{A4329049-1D75-4899-91BA-01B574B3BBBC}.Ad-Hoc|iPhoneSimulator.ActiveCfg = Debug|Any CPU
		{A4329049-1D75-4899-91BA-01B574B3BBBC}.Ad-Hoc|iPhoneSimulator.Build.0 = Debug|Any CPU
		{A4329049-1D75-4899-91BA-01B574B3BBBC}.Ad-Hoc|iPhoneSimulator.Deploy.0 = Debug|Any CPU
		{A4329049-1D75-4899-91BA-01B574B3BBBC}.AppStore|Any CPU.ActiveCfg = Debug|Any CPU
		{A4329049-1D75-4899-91BA-01B574B3BBBC}.AppStore|Any CPU.Build.0 = Debug|Any CPU
		{A4329049-1D75-4899-91BA-01B574B3BBBC}.AppStore|Any CPU.Deploy.0 = Debug|Any CPU
		{A4329049-1D75-4899-91BA-01B574B3BBBC}.AppStore|iPhone.ActiveCfg = Debug|Any CPU
		{A4329049-1D75-4899-91BA-01B574B3BBBC}.AppStore|iPhone.Build.0 = Debug|Any CPU
		{A4329049-1D75-4899-91BA-01B574B3BBBC}.AppStore|iPhone.Deploy.0 = Debug|Any CPU
		{A4329049-1D75-4899-91BA-01B574B3BBBC}.AppStore|iPhoneSimulator.ActiveCfg = Debug|Any CPU
		{A4329049-1D75-4899-91BA-01B574B3BBBC}.AppStore|iPhoneSimulator.Build.0 = Debug|Any CPU
		{A4329049-1D75-4899-91BA-01B574B3BBBC}.AppStore|iPhoneSimulator.Deploy.0 = Debug|Any CPU
		{A4329049-1D75-4899-91BA-01B574B3BBBC}.Debug|Any CPU.ActiveCfg = Debug|Any CPU
		{A4329049-1D75-4899-91BA-01B574B3BBBC}.Debug|Any CPU.Build.0 = Debug|Any CPU
		{A4329049-1D75-4899-91BA-01B574B3BBBC}.Debug|Any CPU.Deploy.0 = Debug|Any CPU
		{A4329049-1D75-4899-91BA-01B574B3BBBC}.Debug|iPhone.ActiveCfg = Debug|Any CPU
		{A4329049-1D75-4899-91BA-01B574B3BBBC}.Debug|iPhone.Build.0 = Debug|Any CPU
		{A4329049-1D75-4899-91BA-01B574B3BBBC}.Debug|iPhone.Deploy.0 = Debug|Any CPU
		{A4329049-1D75-4899-91BA-01B574B3BBBC}.Debug|iPhoneSimulator.ActiveCfg = Debug|Any CPU
		{A4329049-1D75-4899-91BA-01B574B3BBBC}.Debug|iPhoneSimulator.Build.0 = Debug|Any CPU
		{A4329049-1D75-4899-91BA-01B574B3BBBC}.Debug|iPhoneSimulator.Deploy.0 = Debug|Any CPU
		{A4329049-1D75-4899-91BA-01B574B3BBBC}.Release|Any CPU.ActiveCfg = Release|Any CPU
		{A4329049-1D75-4899-91BA-01B574B3BBBC}.Release|Any CPU.Build.0 = Release|Any CPU
		{A4329049-1D75-4899-91BA-01B574B3BBBC}.Release|Any CPU.Deploy.0 = Release|Any CPU
		{A4329049-1D75-4899-91BA-01B574B3BBBC}.Release|iPhone.ActiveCfg = Release|Any CPU
		{A4329049-1D75-4899-91BA-01B574B3BBBC}.Release|iPhone.Build.0 = Release|Any CPU
		{A4329049-1D75-4899-91BA-01B574B3BBBC}.Release|iPhone.Deploy.0 = Release|Any CPU
		{A4329049-1D75-4899-91BA-01B574B3BBBC}.Release|iPhoneSimulator.ActiveCfg = Release|Any CPU
		{A4329049-1D75-4899-91BA-01B574B3BBBC}.Release|iPhoneSimulator.Build.0 = Release|Any CPU
		{A4329049-1D75-4899-91BA-01B574B3BBBC}.Release|iPhoneSimulator.Deploy.0 = Release|Any CPU
	EndGlobalSection
	GlobalSection(SolutionProperties) = preSolution
		HideSolutionNode = FALSE
	EndGlobalSection
	GlobalSection(ExtensibilityGlobals) = postSolution
		SolutionGuid = {61B392E2-FB9C-4E9B-A977-7BEC29108F4E}
	EndGlobalSection
EndGlobal
